<Solution>
  <Project Path="TechRat.Api/TechRat.Api.csproj" />
  <Project Path="TechRat.Application/TechRat.Application.csproj" />
  <Project Path="TechRat.Domain/TechRat.Domain.csproj" />
  <Project Path="TechRat.Infrastructure/TechRat.Infrastructure.csproj" />
  <Project Path="TechRat.Modules/TechRat.Modules.csproj" />
  <Project Path="TechRat.Tests/TechRat.Tests.csproj" />
</Solution>
